<?xml version="1.0" encoding="utf-8"?>
<Project ToolsVersion="4.0" xmlns="http://schemas.microsoft.com/developer/msbuild/2003">
  <ItemGroup>
    <Filter Include="Исходные файлы">
      <UniqueIdentifier>{4FC737F1-C7A5-4376-A066-2A32D752A2FF}</UniqueIdentifier>
      <Extensions>cpp;c;cc;cxx;c++;cppm;ixx;def;odl;idl;hpj;bat;asm;asmx</Extensions>
    </Filter>
    <Filter Include="Файлы заголовков">
      <UniqueIdentifier>{93995380-89BD-4b04-88EB-625FBE52EBFB}</UniqueIdentifier>
      <Extensions>h;hh;hpp;hxx;h++;hm;inl;inc;ipp;xsd</Extensions>
    </Filter>
    <Filter Include="Файлы ресурсов">
      <UniqueIdentifier>{67DA6AB6-F800-4c08-8B7A-83BB121AAD01}</UniqueIdentifier>
      <Extensions>rc;ico;cur;bmp;dlg;rc2;rct;bin;rgs;gif;jpg;jpeg;jpe;resx;tiff;tif;png;wav;mfcribbon-ms</Extensions>
    </Filter>
  </ItemGroup>
  <ItemGroup>
    <ClCompile Include="!06_12_21_mass.cpp">
      <Filter>Исходные файлы</Filter>
    </ClCompile>
    <ClCompile Include="EL_01_itc_even_index_list.cpp">
      <Filter>Исходные файлы</Filter>
    </ClCompile>
    <ClCompile Include="str_middle\MS_01_isDigit.cpp">
      <Filter>Исходные файлы</Filter>
    </ClCompile>
    <ClCompile Include="str_middle\MS_02_toUpper.cpp">
      <Filter>Исходные файлы</Filter>
    </ClCompile>
    <ClCompile Include="str_middle\MS_03_changeCase.cpp">
      <Filter>Исходные файлы</Filter>
    </ClCompile>
    <ClCompile Include="str_middle\MS_04_compare.cpp">
      <Filter>Исходные файлы</Filter>
    </ClCompile>
    <ClCompile Include="str_middle\MS_05_countWords.cpp">
      <Filter>Исходные файлы</Filter>
    </ClCompile>
    <ClCompile Include="str_middle\MS_06_maxCharWord.cpp">
      <Filter>Исходные файлы</Filter>
    </ClCompile>
    <ClCompile Include="str_middle\MS_07_sameChar.cpp">
      <Filter>Исходные файлы</Filter>
    </ClCompile>
    <ClCompile Include="str_middle\MS_08_isFirstInSecond.cpp">
      <Filter>Исходные файлы</Filter>
    </ClCompile>
    <ClCompile Include="str_middle\MS_09_Cezar.cpp">
      <Filter>Исходные файлы</Filter>
    </ClCompile>
    <ClCompile Include="str_middle\MS_00_len.cpp">
      <Filter>Исходные файлы</Filter>
    </ClCompile>
    <ClCompile Include="str_middle\MS_10_rmFreeSpace.cpp">
      <Filter>Исходные файлы</Filter>
    </ClCompile>
    <ClCompile Include="str_middle\MS_11_isIP.cpp">
      <Filter>Исходные файлы</Filter>
    </ClCompile>
    <ClCompile Include="str_middle\MS_12_DecToBin.cpp">
      <Filter>Исходные файлы</Filter>
    </ClCompile>
    <ClCompile Include="str_middle\MS_13_decToBase.cpp">
      <Filter>Исходные файлы</Filter>
    </ClCompile>
    <ClCompile Include="str_easy\ES_10_itc_equal_reverse.cpp">
      <Filter>Исходные файлы</Filter>
    </ClCompile>
    <ClCompile Include="str_easy\ES_11_itc_cmp_str.cpp">
      <Filter>Исходные файлы</Filter>
    </ClCompile>
    <ClCompile Include="str_easy\ES_12_itc_find_str.cpp">
      <Filter>Исходные файлы</Filter>
    </ClCompile>
    <ClCompile Include="str_easy\ES_13_itc_three_str.cpp">
      <Filter>Исходные файлы</Filter>
    </ClCompile>
    <ClCompile Include="str_easy\ES_14_itc_max_char_on_end.cpp">
      <Filter>Исходные файлы</Filter>
    </ClCompile>
    <ClCompile Include="str_easy\ES_03_itc_print_copy.cpp">
      <Filter>Исходные файлы</Filter>
    </ClCompile>
    <ClCompile Include="str_easy\ES_04_itc_first_end_three.cpp">
      <Filter>Исходные файлы</Filter>
    </ClCompile>
    <ClCompile Include="str_easy\ES_05_itc_count_char_in_str.cpp">
      <Filter>Исходные файлы</Filter>
    </ClCompile>
    <ClCompile Include="str_easy\ES_06_itc_even_place.cpp">
      <Filter>Исходные файлы</Filter>
    </ClCompile>
    <ClCompile Include="str_easy\ES_07_itc_percent_lower_uppercase.cpp">
      <Filter>Исходные файлы</Filter>
    </ClCompile>
    <ClCompile Include="str_easy\ES_08_itc_reverse_str.cpp">
      <Filter>Исходные файлы</Filter>
    </ClCompile>
    <ClCompile Include="str_easy\ES_09_itc_slice_str.cpp">
      <Filter>Исходные файлы</Filter>
    </ClCompile>
    <ClCompile Include="EL_02_itc_even_parts_list.cpp">
      <Filter>Исходные файлы</Filter>
    </ClCompile>
    <ClCompile Include="EL_03_itc_positive_list.cpp">
      <Filter>Исходные файлы</Filter>
    </ClCompile>
    <ClCompile Include="EL_04_itc_sl_list.cpp">
      <Filter>Исходные файлы</Filter>
    </ClCompile>
    <ClCompile Include="EL_05_itc_same_parts_list.cpp">
      <Filter>Исходные файлы</Filter>
    </ClCompile>
    <ClCompile Include="EL_06_itc_rev_list.cpp">
      <Filter>Исходные файлы</Filter>
    </ClCompile>
    <ClCompile Include="EL_07_itc_rev_par_list.cpp">
      <Filter>Исходные файлы</Filter>
    </ClCompile>
    <ClCompile Include="EL_08_itc_rshift_list.cpp">
      <Filter>Исходные файлы</Filter>
    </ClCompile>
    <ClCompile Include="EL_09_itc_super_shift_list.cpp">
      <Filter>Исходные файлы</Filter>
    </ClCompile>
    <ClCompile Include="str_easy\ES_00_extra.cpp">
      <Filter>Исходные файлы</Filter>
    </ClCompile>
    <ClCompile Include="str_easy\ES_01_itc_hello_str.cpp">
      <Filter>Исходные файлы</Filter>
    </ClCompile>
    <ClCompile Include="str_easy\ES_02_itc_len.cpp">
      <Filter>Исходные файлы</Filter>
    </ClCompile>
  </ItemGroup>
  <ItemGroup>
    <ClInclude Include="easy_list.h">
      <Filter>Файлы заголовков</Filter>
    </ClInclude>
    <ClInclude Include="str_easy\str_easy.h">
      <Filter>Файлы заголовков</Filter>
    </ClInclude>
    <ClInclude Include="str_middle\middle_str.h">
      <Filter>Файлы заголовков</Filter>
    </ClInclude>
  </ItemGroup>
</Project>